
Microsoft Visual Studio Solution File, Format Version 12.00
# Visual Studio Version 16
VisualStudioVersion = 16.0.29613.14
MinimumVisualStudioVersion = 10.0.40219.1
Project("{9A19103F-16F7-4668-BE54-9A1E7A4F7556}") = "ApplicationCore", "ApplicationCore\ApplicationCore.csproj", "{98C001BA-E93A-47CD-BE0B-A05AC6270E4A}"
EndProject
Project("{9A19103F-16F7-4668-BE54-9A1E7A4F7556}") = "ConsoleTesting", "ConsoleTesting\ConsoleTesting.csproj", "{C370E4CA-1259-4B2C-BAEC-DB9C02E5FDFA}"
EndProject
Project("{9A19103F-16F7-4668-BE54-9A1E7A4F7556}") = "CSGestion", "CSGestion\CSGestion.csproj", "{E77AEE2D-DED1-495D-A0BE-A50EBAEE0198}"
EndProject
Global
	GlobalSection(SolutionConfigurationPlatforms) = preSolution
		Debug|Any CPU = Debug|Any CPU
		Release|Any CPU = Release|Any CPU
	EndGlobalSection
	GlobalSection(ProjectConfigurationPlatforms) = postSolution
		{98C001BA-E93A-47CD-BE0B-A05AC6270E4A}.Debug|Any CPU.ActiveCfg = Debug|Any CPU
		{98C001BA-E93A-47CD-BE0B-A05AC6270E4A}.Debug|Any CPU.Build.0 = Debug|Any CPU
		{98C001BA-E93A-47CD-BE0B-A05AC6270E4A}.Release|Any CPU.ActiveCfg = Release|Any CPU
		{98C001BA-E93A-47CD-BE0B-A05AC6270E4A}.Release|Any CPU.Build.0 = Release|Any CPU
		{C370E4CA-1259-4B2C-BAEC-DB9C02E5FDFA}.Debug|Any CPU.ActiveCfg = Debug|Any CPU
		{C370E4CA-1259-4B2C-BAEC-DB9C02E5FDFA}.Debug|Any CPU.Build.0 = Debug|Any CPU
		{C370E4CA-1259-4B2C-BAEC-DB9C02E5FDFA}.Release|Any CPU.ActiveCfg = Release|Any CPU
		{C370E4CA-1259-4B2C-BAEC-DB9C02E5FDFA}.Release|Any CPU.Build.0 = Release|Any CPU
		{E77AEE2D-DED1-495D-A0BE-A50EBAEE0198}.Debug|Any CPU.ActiveCfg = Debug|Any CPU
		{E77AEE2D-DED1-495D-A0BE-A50EBAEE0198}.Debug|Any CPU.Build.0 = Debug|Any CPU
		{E77AEE2D-DED1-495D-A0BE-A50EBAEE0198}.Release|Any CPU.ActiveCfg = Release|Any CPU
		{E77AEE2D-DED1-495D-A0BE-A50EBAEE0198}.Release|Any CPU.Build.0 = Release|Any CPU
	EndGlobalSection
	GlobalSection(SolutionProperties) = preSolution
		HideSolutionNode = FALSE
	EndGlobalSection
	GlobalSection(ExtensibilityGlobals) = postSolution
		SolutionGuid = {103824C5-B907-451D-83BC-4DD4593A91BA}
	EndGlobalSection
EndGlobal
